<Solution>
  <Project Path="Konu01Degiskenler/Konu01Degiskenler.csproj" />
  <Project Path="Konu02TipDonusumleri/Konu02TipDonusumleri.csproj" Id="2e3ea4fd-aee2-4b4e-b174-a1560ab2737c" />
  <Project Path="Konu03Operatorler/Konu03Operatorler.csproj" Id="90d82778-ca39-4cba-a716-7cf3629b29ae" />
  <Project Path="Konu04KararYapilari/Konu04KararYapilari.csproj" Id="1c3ad93e-9a0c-4d66-b091-ae54e6820340" />
  <Project Path="Konu05Metotlar/Konu05Metotlar.csproj" Id="14c45d3b-b37a-45a2-8e91-10d791db121c" />
  <Project Path="Konu06Diziler/Konu06Diziler.csproj" Id="e0e17047-c446-41b9-bbfc-8a8b00336bf8" />
  <Project Path="Konu07Donguler/Konu07Donguler.csproj" Id="4acb51be-4410-4a4d-87fa-31dcc1e67900" />
  <Project Path="Konu08SiniflarClasses/Konu08SiniflarClasses.csproj" Id="d132cc98-0c0e-47c1-9e18-671316651763" />
  <Project Path="Konu09StructYapilar/Konu09StructYapilar.csproj" Id="c89d76a3-a086-4190-a21e-a91b75c4bf45" />
  <Project Path="Konu10StringSinifi/Konu10StringSinifi.csproj" Id="98163807-5c0b-4a15-86f6-b5d79a0fdeed" />
  <Project Path="Konu11Enumlar/Konu11Enumlar.csproj" Id="6507d4ab-e133-4c65-8f02-340d0507d6cc" />
  <Project Path="Konu12Kalitimİnheritance/Konu12Kalitimİnheritance.csproj" Id="69a1b2e8-c13d-4218-8518-a4fadd0d0571" />
</Solution>
